<?xml version="1.0" encoding="UTF-8" standalone="yes" ?>
<CodeBlocks_project_file>
	<FileVersion major="1" minor="6" />
	<Project>
		<Option title="interface" />
		<Option makefile_is_custom="1" />
		<Option pch_mode="2" />
		<Option compiler="gcc" />
		<Build>
			<Target title="all">
				<Option type="4" />
				<Option compiler="gcc" />
				<MakeCommands>
					<Build command="$make -f $makefile $target" />
					<CompileFile command="$make -f $makefile $file" />
					<Clean command="$make -f $makefile clean" />
					<DistClean command="$make -f $makefile distclean$target" />
					<AskRebuildNeeded command="$make -q -f $makefile $target" />
					<SilentBuild command="$make -s -f $makefile $target" />
				</MakeCommands>
			</Target>
			<Target title="install">
				<Option type="4" />
				<Option compiler="gcc" />
				<MakeCommands>
					<Build command="$make -f $makefile $target" />
					<CompileFile command="$make -f $makefile $file" />
					<Clean command="$make -f $makefile clean" />
					<DistClean command="$make -f $makefile distclean$target" />
					<AskRebuildNeeded command="$make -q -f $makefile $target" />
					<SilentBuild command="$make -s -f $makefile $target" />
				</MakeCommands>
			</Target>
			<Target title="clean">
				<Option type="4" />
				<Option compiler="gcc" />
				<MakeCommands>
					<Build command="$make -f $makefile $target" />
					<CompileFile command="$make -f $makefile $file" />
					<Clean command="$make -f $makefile clean" />
					<DistClean command="$make -f $makefile distclean$target" />
					<AskRebuildNeeded command="$make -q -f $makefile $target" />
					<SilentBuild command="$make -s -f $makefile $target" />
				</MakeCommands>
			</Target>
		</Build>
		<Compiler>
			<Add option="-Wall" />
		</Compiler>
		<Unit filename="include/cfg.h" />
		<Unit filename="include/gui.h" />
		<Unit filename="include/gui_skin.h" />
		<Unit filename="include/gzip.h" />
		<Unit filename="include/hdd.h" />
		<Unit filename="include/init.h" />
		<Unit filename="include/paths.h" />
		<Unit filename="include/tar.h" />
		<Unit filename="src/cfg.c">
			<Option compilerVar="CC" />
		</Unit>
		<Unit filename="src/gui.c">
			<Option compilerVar="CC" />
		</Unit>
		<Unit filename="src/gzip.c">
			<Option compilerVar="CC" />
		</Unit>
		<Unit filename="src/hdd.c">
			<Option compilerVar="CC" />
		</Unit>
		<Unit filename="src/init.c">
			<Option compilerVar="CC" />
		</Unit>
		<Unit filename="src/paths.c">
			<Option compilerVar="CC" />
		</Unit>
		<Unit filename="src/tar.c">
			<Option compilerVar="CC" />
		</Unit>
		<Extensions>
			<code_completion />
			<envvars set="ps2dev" />
			<debugger />
		</Extensions>
	</Project>
</CodeBlocks_project_file>
